// !$*UTF8*$!
{
	archiveVersion = 1;
	classes = {
	};
	objectVersion = 56;
	objects = {

/* Begin PBXBuildFile section */
		8F0B327729C8F3E0001F5C7C /* LessonRow.swift in Sources */ = {isa = PBXBuildFile; fileRef = 8F0B327629C8F3E0001F5C7C /* LessonRow.swift */; };
		8F0B327929C8FCA5001F5C7C /* CourseUnit.swift in Sources */ = {isa = PBXBuildFile; fileRef = 8F0B327829C8FCA5001F5C7C /* CourseUnit.swift */; };
		8F0B327B29C90451001F5C7C /* ReviewItem.swift in Sources */ = {isa = PBXBuildFile; fileRef = 8F0B327A29C90451001F5C7C /* ReviewItem.swift */; };
		8F0B327D29C90E1A001F5C7C /* Lesson.swift in Sources */ = {isa = PBXBuildFile; fileRef = 8F0B327C29C90E1A001F5C7C /* Lesson.swift */; };
		8F0B327F29C91408001F5C7C /* GoogleService-Info.plist in Resources */ = {isa = PBXBuildFile; fileRef = 8F0B327E29C91408001F5C7C /* GoogleService-Info.plist */; };
		8F0B328229C9147F001F5C7C /* FirebaseAuth in Frameworks */ = {isa = PBXBuildFile; productRef = 8F0B328129C9147F001F5C7C /* FirebaseAuth */; };
		8F0B328429C9147F001F5C7C /* FirebaseFirestore in Frameworks */ = {isa = PBXBuildFile; productRef = 8F0B328329C9147F001F5C7C /* FirebaseFirestore */; };
		8F0B328629C9147F001F5C7C /* FirebaseFirestoreSwift in Frameworks */ = {isa = PBXBuildFile; productRef = 8F0B328529C9147F001F5C7C /* FirebaseFirestoreSwift */; };
		8F0B328829C9147F001F5C7C /* FirebaseStorage in Frameworks */ = {isa = PBXBuildFile; productRef = 8F0B328729C9147F001F5C7C /* FirebaseStorage */; };
		8F0B328A29C918B7001F5C7C /* User.swift in Sources */ = {isa = PBXBuildFile; fileRef = 8F0B328929C918B7001F5C7C /* User.swift */; };
		8F0B328C29C928E6001F5C7C /* SessionStore.swift in Sources */ = {isa = PBXBuildFile; fileRef = 8F0B328B29C928E6001F5C7C /* SessionStore.swift */; };
		8F0B328E29C92932001F5C7C /* FirebaseUser.swift in Sources */ = {isa = PBXBuildFile; fileRef = 8F0B328D29C92932001F5C7C /* FirebaseUser.swift */; };
		8F131FF429BFEBFA00C3906F /* CoreServices.framework in Frameworks */ = {isa = PBXBuildFile; fileRef = 8F131FF329BFEBFA00C3906F /* CoreServices.framework */; };
		8F131FF629BFEC7D00C3906F /* CourseCategoryView.swift in Sources */ = {isa = PBXBuildFile; fileRef = 8F131FF529BFEC7D00C3906F /* CourseCategoryView.swift */; };
		8F131FF829C2447E00C3906F /* CategoryRow.swift in Sources */ = {isa = PBXBuildFile; fileRef = 8F131FF729C2447E00C3906F /* CategoryRow.swift */; };
		8F131FFA29C2479300C3906F /* CourseRow.swift in Sources */ = {isa = PBXBuildFile; fileRef = 8F131FF929C2479300C3906F /* CourseRow.swift */; };
		8F5A089D29C9374100B0AE24 /* Unit.swift in Sources */ = {isa = PBXBuildFile; fileRef = 8F5A089C29C9374100B0AE24 /* Unit.swift */; };
		8F9E10B829BDFDFA004237B9 /* CategoryItem.swift in Sources */ = {isa = PBXBuildFile; fileRef = 8F9E10B729BDFDFA004237B9 /* CategoryItem.swift */; };
		8F9E10BA29BE01BF004237B9 /* TabBarView.swift in Sources */ = {isa = PBXBuildFile; fileRef = 8F9E10B929BE01BF004237B9 /* TabBarView.swift */; };
		8F9E10BD29BF950A004237B9 /* Category.swift in Sources */ = {isa = PBXBuildFile; fileRef = 8F9E10BC29BF950A004237B9 /* Category.swift */; };
		8F9E10BF29BF9811004237B9 /* CourseItem.swift in Sources */ = {isa = PBXBuildFile; fileRef = 8F9E10BE29BF9811004237B9 /* CourseItem.swift */; };
		8F9E10C129BF9B89004237B9 /* Course.swift in Sources */ = {isa = PBXBuildFile; fileRef = 8F9E10C029BF9B89004237B9 /* Course.swift */; };
		8F9E10C329BFC5D1004237B9 /* TrackSelectionSheet.swift in Sources */ = {isa = PBXBuildFile; fileRef = 8F9E10C229BFC5D1004237B9 /* TrackSelectionSheet.swift */; };
		8F9E10C529BFC6FB004237B9 /* LearningTrack.swift in Sources */ = {isa = PBXBuildFile; fileRef = 8F9E10C429BFC6FB004237B9 /* LearningTrack.swift */; };
		8F9E10C729BFD7A9004237B9 /* CategoriesView.swift in Sources */ = {isa = PBXBuildFile; fileRef = 8F9E10C629BFD7A9004237B9 /* CategoriesView.swift */; };
		8FA7CB6329C8DC8600E17DD2 /* CourseView.swift in Sources */ = {isa = PBXBuildFile; fileRef = 8FA7CB6229C8DC8600E17DD2 /* CourseView.swift */; };
		8FC5EC2029B5083A002A5C75 /* HomeView.swift in Sources */ = {isa = PBXBuildFile; fileRef = 8FC5EC1F29B5083A002A5C75 /* HomeView.swift */; };
		8FD3602429B26B96008E4C1C /* Mystic_AcademyApp.swift in Sources */ = {isa = PBXBuildFile; fileRef = 8FD3602329B26B96008E4C1C /* Mystic_AcademyApp.swift */; };
		8FD3602629B26B96008E4C1C /* ContentView.swift in Sources */ = {isa = PBXBuildFile; fileRef = 8FD3602529B26B96008E4C1C /* ContentView.swift */; };
		8FD3602829B26B97008E4C1C /* Assets.xcassets in Resources */ = {isa = PBXBuildFile; fileRef = 8FD3602729B26B97008E4C1C /* Assets.xcassets */; };
		8FD3602B29B26B97008E4C1C /* Preview Assets.xcassets in Resources */ = {isa = PBXBuildFile; fileRef = 8FD3602A29B26B97008E4C1C /* Preview Assets.xcassets */; };
		8FD3603229B272C6008E4C1C /* OnboardingView.swift in Sources */ = {isa = PBXBuildFile; fileRef = 8FD3603129B272C6008E4C1C /* OnboardingView.swift */; };
		8FD3603829B2734C008E4C1C /* OnboardingModel.swift in Sources */ = {isa = PBXBuildFile; fileRef = 8FD3603729B2734C008E4C1C /* OnboardingModel.swift */; };
		8FD3603B29B27627008E4C1C /* LargeButton.swift in Sources */ = {isa = PBXBuildFile; fileRef = 8FD3603A29B27627008E4C1C /* LargeButton.swift */; };
/* End PBXBuildFile section */

/* Begin PBXFileReference section */
		8F0B327629C8F3E0001F5C7C /* LessonRow.swift */ = {isa = PBXFileReference; lastKnownFileType = sourcecode.swift; path = LessonRow.swift; sourceTree = "<group>"; };
		8F0B327829C8FCA5001F5C7C /* CourseUnit.swift */ = {isa = PBXFileReference; lastKnownFileType = sourcecode.swift; path = CourseUnit.swift; sourceTree = "<group>"; };
		8F0B327A29C90451001F5C7C /* ReviewItem.swift */ = {isa = PBXFileReference; lastKnownFileType = sourcecode.swift; path = ReviewItem.swift; sourceTree = "<group>"; };
		8F0B327C29C90E1A001F5C7C /* Lesson.swift */ = {isa = PBXFileReference; lastKnownFileType = sourcecode.swift; path = Lesson.swift; sourceTree = "<group>"; };
		8F0B327E29C91408001F5C7C /* GoogleService-Info.plist */ = {isa = PBXFileReference; fileEncoding = 4; lastKnownFileType = text.plist.xml; path = "GoogleService-Info.plist"; sourceTree = "<group>"; };
		8F0B328929C918B7001F5C7C /* User.swift */ = {isa = PBXFileReference; lastKnownFileType = sourcecode.swift; path = User.swift; sourceTree = "<group>"; };
		8F0B328B29C928E6001F5C7C /* SessionStore.swift */ = {isa = PBXFileReference; lastKnownFileType = sourcecode.swift; path = SessionStore.swift; sourceTree = "<group>"; };
		8F0B328D29C92932001F5C7C /* FirebaseUser.swift */ = {isa = PBXFileReference; lastKnownFileType = sourcecode.swift; path = FirebaseUser.swift; sourceTree = "<group>"; };
		8F131FF329BFEBFA00C3906F /* CoreServices.framework */ = {isa = PBXFileReference; lastKnownFileType = wrapper.framework; name = CoreServices.framework; path = System/Library/Frameworks/CoreServices.framework; sourceTree = SDKROOT; };
		8F131FF529BFEC7D00C3906F /* CourseCategoryView.swift */ = {isa = PBXFileReference; lastKnownFileType = sourcecode.swift; path = CourseCategoryView.swift; sourceTree = "<group>"; };
		8F131FF729C2447E00C3906F /* CategoryRow.swift */ = {isa = PBXFileReference; lastKnownFileType = sourcecode.swift; path = CategoryRow.swift; sourceTree = "<group>"; };
		8F131FF929C2479300C3906F /* CourseRow.swift */ = {isa = PBXFileReference; lastKnownFileType = sourcecode.swift; path = CourseRow.swift; sourceTree = "<group>"; };
		8F131FFB29C24ABE00C3906F /* Mystic-Academy-Info.plist */ = {isa = PBXFileReference; lastKnownFileType = text.plist; path = "Mystic-Academy-Info.plist"; sourceTree = SOURCE_ROOT; };
		8F5A089C29C9374100B0AE24 /* Unit.swift */ = {isa = PBXFileReference; lastKnownFileType = sourcecode.swift; path = Unit.swift; sourceTree = "<group>"; };
		8F9E10B729BDFDFA004237B9 /* CategoryItem.swift */ = {isa = PBXFileReference; lastKnownFileType = sourcecode.swift; path = CategoryItem.swift; sourceTree = "<group>"; };
		8F9E10B929BE01BF004237B9 /* TabBarView.swift */ = {isa = PBXFileReference; lastKnownFileType = sourcecode.swift; path = TabBarView.swift; sourceTree = "<group>"; };
		8F9E10BC29BF950A004237B9 /* Category.swift */ = {isa = PBXFileReference; lastKnownFileType = sourcecode.swift; path = Category.swift; sourceTree = "<group>"; };
		8F9E10BE29BF9811004237B9 /* CourseItem.swift */ = {isa = PBXFileReference; lastKnownFileType = sourcecode.swift; path = CourseItem.swift; sourceTree = "<group>"; };
		8F9E10C029BF9B89004237B9 /* Course.swift */ = {isa = PBXFileReference; lastKnownFileType = sourcecode.swift; path = Course.swift; sourceTree = "<group>"; };
		8F9E10C229BFC5D1004237B9 /* TrackSelectionSheet.swift */ = {isa = PBXFileReference; lastKnownFileType = sourcecode.swift; path = TrackSelectionSheet.swift; sourceTree = "<group>"; };
		8F9E10C429BFC6FB004237B9 /* LearningTrack.swift */ = {isa = PBXFileReference; lastKnownFileType = sourcecode.swift; path = LearningTrack.swift; sourceTree = "<group>"; };
		8F9E10C629BFD7A9004237B9 /* CategoriesView.swift */ = {isa = PBXFileReference; lastKnownFileType = sourcecode.swift; path = CategoriesView.swift; sourceTree = "<group>"; };
		8FA7CB6229C8DC8600E17DD2 /* CourseView.swift */ = {isa = PBXFileReference; lastKnownFileType = sourcecode.swift; path = CourseView.swift; sourceTree = "<group>"; };
		8FC5EC1F29B5083A002A5C75 /* HomeView.swift */ = {isa = PBXFileReference; lastKnownFileType = sourcecode.swift; path = HomeView.swift; sourceTree = "<group>"; };
		8FD3602029B26B96008E4C1C /* Mystic Academy.app */ = {isa = PBXFileReference; explicitFileType = wrapper.application; includeInIndex = 0; path = "Mystic Academy.app"; sourceTree = BUILT_PRODUCTS_DIR; };
		8FD3602329B26B96008E4C1C /* Mystic_AcademyApp.swift */ = {isa = PBXFileReference; lastKnownFileType = sourcecode.swift; path = Mystic_AcademyApp.swift; sourceTree = "<group>"; };
		8FD3602529B26B96008E4C1C /* ContentView.swift */ = {isa = PBXFileReference; lastKnownFileType = sourcecode.swift; path = ContentView.swift; sourceTree = "<group>"; };
		8FD3602729B26B97008E4C1C /* Assets.xcassets */ = {isa = PBXFileReference; lastKnownFileType = folder.assetcatalog; path = Assets.xcassets; sourceTree = "<group>"; };
		8FD3602A29B26B97008E4C1C /* Preview Assets.xcassets */ = {isa = PBXFileReference; lastKnownFileType = folder.assetcatalog; path = "Preview Assets.xcassets"; sourceTree = "<group>"; };
		8FD3603129B272C6008E4C1C /* OnboardingView.swift */ = {isa = PBXFileReference; lastKnownFileType = sourcecode.swift; path = OnboardingView.swift; sourceTree = "<group>"; };
		8FD3603729B2734C008E4C1C /* OnboardingModel.swift */ = {isa = PBXFileReference; lastKnownFileType = sourcecode.swift; path = OnboardingModel.swift; sourceTree = "<group>"; };
		8FD3603A29B27627008E4C1C /* LargeButton.swift */ = {isa = PBXFileReference; lastKnownFileType = sourcecode.swift; path = LargeButton.swift; sourceTree = "<group>"; };
/* End PBXFileReference section */

/* Begin PBXFrameworksBuildPhase section */
		8FD3601D29B26B96008E4C1C /* Frameworks */ = {
			isa = PBXFrameworksBuildPhase;
			buildActionMask = 2147483647;
			files = (
				8F131FF429BFEBFA00C3906F /* CoreServices.framework in Frameworks */,
				8F0B328229C9147F001F5C7C /* FirebaseAuth in Frameworks */,
				8F0B328429C9147F001F5C7C /* FirebaseFirestore in Frameworks */,
				8F0B328829C9147F001F5C7C /* FirebaseStorage in Frameworks */,
				8F0B328629C9147F001F5C7C /* FirebaseFirestoreSwift in Frameworks */,
			);
			runOnlyForDeploymentPostprocessing = 0;
		};
/* End PBXFrameworksBuildPhase section */

/* Begin PBXGroup section */
		8F0B327529C8F3DA001F5C7C /* Items */ = {
			isa = PBXGroup;
			children = (
				8F0B327629C8F3E0001F5C7C /* LessonRow.swift */,
			);
			path = Items;
			sourceTree = "<group>";
		};
		8F131FF229BFEBFA00C3906F /* Frameworks */ = {
			isa = PBXGroup;
			children = (
				8F131FF329BFEBFA00C3906F /* CoreServices.framework */,
			);
			name = Frameworks;
			sourceTree = "<group>";
		};
		8F9E10B629BDFDE4004237B9 /* Items */ = {
			isa = PBXGroup;
			children = (
				8F9E10B729BDFDFA004237B9 /* CategoryItem.swift */,
				8F9E10BE29BF9811004237B9 /* CourseItem.swift */,
				8F131FF729C2447E00C3906F /* CategoryRow.swift */,
				8F131FF929C2479300C3906F /* CourseRow.swift */,
			);
			path = Items;
			sourceTree = "<group>";
		};
		8F9E10BB29BF94F9004237B9 /* Models */ = {
			isa = PBXGroup;
			children = (
				8F9E10C429BFC6FB004237B9 /* LearningTrack.swift */,
			);
			path = Models;
			sourceTree = "<group>";
		};
		8FA7CB6129C8DC7000E17DD2 /* Course */ = {
			isa = PBXGroup;
			children = (
				8F0B327529C8F3DA001F5C7C /* Items */,
				8F131FF529BFEC7D00C3906F /* CourseCategoryView.swift */,
				8FA7CB6229C8DC8600E17DD2 /* CourseView.swift */,
				8F0B327829C8FCA5001F5C7C /* CourseUnit.swift */,
				8F0B327A29C90451001F5C7C /* ReviewItem.swift */,
			);
			path = Course;
			sourceTree = "<group>";
		};
		8FA7CB6429C8DF3E00E17DD2 /* Models */ = {
			isa = PBXGroup;
			children = (
				8F9E10BC29BF950A004237B9 /* Category.swift */,
				8F9E10C029BF9B89004237B9 /* Course.swift */,
				8F0B327C29C90E1A001F5C7C /* Lesson.swift */,
				8F0B328929C918B7001F5C7C /* User.swift */,
				8F0B328D29C92932001F5C7C /* FirebaseUser.swift */,
				8F0B328B29C928E6001F5C7C /* SessionStore.swift */,
				8F5A089C29C9374100B0AE24 /* Unit.swift */,
			);
			path = Models;
			sourceTree = "<group>";
		};
		8FC5EC1D29B5074D002A5C75 /* Authentication */ = {
			isa = PBXGroup;
			children = (
			);
			path = Authentication;
			sourceTree = "<group>";
		};
		8FC5EC1E29B50828002A5C75 /* Home */ = {
			isa = PBXGroup;
			children = (
				8F9E10BB29BF94F9004237B9 /* Models */,
				8F9E10B629BDFDE4004237B9 /* Items */,
				8FC5EC1F29B5083A002A5C75 /* HomeView.swift */,
				8F9E10C229BFC5D1004237B9 /* TrackSelectionSheet.swift */,
				8F9E10C629BFD7A9004237B9 /* CategoriesView.swift */,
			);
			path = Home;
			sourceTree = "<group>";
		};
		8FD3601729B26B96008E4C1C = {
			isa = PBXGroup;
			children = (
				8FD3602229B26B96008E4C1C /* Mystic Academy */,
				8FD3602129B26B96008E4C1C /* Products */,
				8F131FF229BFEBFA00C3906F /* Frameworks */,
			);
			sourceTree = "<group>";
		};
		8FD3602129B26B96008E4C1C /* Products */ = {
			isa = PBXGroup;
			children = (
				8FD3602029B26B96008E4C1C /* Mystic Academy.app */,
			);
			name = Products;
			sourceTree = "<group>";
		};
		8FD3602229B26B96008E4C1C /* Mystic Academy */ = {
			isa = PBXGroup;
			children = (
				8F0B327E29C91408001F5C7C /* GoogleService-Info.plist */,
				8F131FFB29C24ABE00C3906F /* Mystic-Academy-Info.plist */,
				8FD3602329B26B96008E4C1C /* Mystic_AcademyApp.swift */,
				8FD3603929B2761C008E4C1C /* Items */,
				8FA7CB6429C8DF3E00E17DD2 /* Models */,
				8FD3603329B272CB008E4C1C /* Views */,
				8FD3602729B26B97008E4C1C /* Assets.xcassets */,
				8FD3602929B26B97008E4C1C /* Preview Content */,
			);
			path = "Mystic Academy";
			sourceTree = "<group>";
		};
		8FD3602929B26B97008E4C1C /* Preview Content */ = {
			isa = PBXGroup;
			children = (
				8FD3602A29B26B97008E4C1C /* Preview Assets.xcassets */,
			);
			path = "Preview Content";
			sourceTree = "<group>";
		};
		8FD3603329B272CB008E4C1C /* Views */ = {
			isa = PBXGroup;
			children = (
				8FA7CB6129C8DC7000E17DD2 /* Course */,
				8FC5EC1E29B50828002A5C75 /* Home */,
				8FC5EC1D29B5074D002A5C75 /* Authentication */,
				8FD3603429B272D7008E4C1C /* Navigation */,
				8FD3603529B272E0008E4C1C /* Onboarding */,
			);
			path = Views;
			sourceTree = "<group>";
		};
		8FD3603429B272D7008E4C1C /* Navigation */ = {
			isa = PBXGroup;
			children = (
				8FD3602529B26B96008E4C1C /* ContentView.swift */,
				8F9E10B929BE01BF004237B9 /* TabBarView.swift */,
			);
			path = Navigation;
			sourceTree = "<group>";
		};
		8FD3603529B272E0008E4C1C /* Onboarding */ = {
			isa = PBXGroup;
			children = (
				8FD3603629B2733B008E4C1C /* Data Model */,
			);
			path = Onboarding;
			sourceTree = "<group>";
		};
		8FD3603629B2733B008E4C1C /* Data Model */ = {
			isa = PBXGroup;
			children = (
				8FD3603129B272C6008E4C1C /* OnboardingView.swift */,
				8FD3603729B2734C008E4C1C /* OnboardingModel.swift */,
			);
			path = "Data Model";
			sourceTree = "<group>";
		};
		8FD3603929B2761C008E4C1C /* Items */ = {
			isa = PBXGroup;
			children = (
				8FD3603A29B27627008E4C1C /* LargeButton.swift */,
			);
			path = Items;
			sourceTree = "<group>";
		};
/* End PBXGroup section */

/* Begin PBXNativeTarget section */
		8FD3601F29B26B96008E4C1C /* Mystic Academy */ = {
			isa = PBXNativeTarget;
			buildConfigurationList = 8FD3602E29B26B97008E4C1C /* Build configuration list for PBXNativeTarget "Mystic Academy" */;
			buildPhases = (
				8FD3601C29B26B96008E4C1C /* Sources */,
				8FD3601D29B26B96008E4C1C /* Frameworks */,
				8FD3601E29B26B96008E4C1C /* Resources */,
			);
			buildRules = (
			);
			dependencies = (
			);
			name = "Mystic Academy";
			packageProductDependencies = (
				8F0B328129C9147F001F5C7C /* FirebaseAuth */,
				8F0B328329C9147F001F5C7C /* FirebaseFirestore */,
				8F0B328529C9147F001F5C7C /* FirebaseFirestoreSwift */,
				8F0B328729C9147F001F5C7C /* FirebaseStorage */,
			);
			productName = "Mystic Acadamy";
			productReference = 8FD3602029B26B96008E4C1C /* Mystic Academy.app */;
			productType = "com.apple.product-type.application";
		};
/* End PBXNativeTarget section */

/* Begin PBXProject section */
		8FD3601829B26B96008E4C1C /* Project object */ = {
			isa = PBXProject;
			attributes = {
				BuildIndependentTargetsInParallel = 1;
				LastSwiftUpdateCheck = 1420;
				LastUpgradeCheck = 1420;
				TargetAttributes = {
					8FD3601F29B26B96008E4C1C = {
						CreatedOnToolsVersion = 14.2;
					};
				};
			};
			buildConfigurationList = 8FD3601B29B26B96008E4C1C /* Build configuration list for PBXProject "Mystic Academy" */;
			compatibilityVersion = "Xcode 14.0";
			developmentRegion = en;
			hasScannedForEncodings = 0;
			knownRegions = (
				en,
				Base,
			);
			mainGroup = 8FD3601729B26B96008E4C1C;
			packageReferences = (
				8F0B328029C9147F001F5C7C /* XCRemoteSwiftPackageReference "firebase-ios-sdk" */,
			);
			productRefGroup = 8FD3602129B26B96008E4C1C /* Products */;
			projectDirPath = "";
			projectRoot = "";
			targets = (
				8FD3601F29B26B96008E4C1C /* Mystic Academy */,
			);
		};
/* End PBXProject section */

/* Begin PBXResourcesBuildPhase section */
		8FD3601E29B26B96008E4C1C /* Resources */ = {
			isa = PBXResourcesBuildPhase;
			buildActionMask = 2147483647;
			files = (
				8FD3602B29B26B97008E4C1C /* Preview Assets.xcassets in Resources */,
				8FD3602829B26B97008E4C1C /* Assets.xcassets in Resources */,
				8F0B327F29C91408001F5C7C /* GoogleService-Info.plist in Resources */,
			);
			runOnlyForDeploymentPostprocessing = 0;
		};
/* End PBXResourcesBuildPhase section */

/* Begin PBXSourcesBuildPhase section */
		8FD3601C29B26B96008E4C1C /* Sources */ = {
			isa = PBXSourcesBuildPhase;
			buildActionMask = 2147483647;
			files = (
				8FD3603829B2734C008E4C1C /* OnboardingModel.swift in Sources */,
				8F9E10C129BF9B89004237B9 /* Course.swift in Sources */,
				8F131FF829C2447E00C3906F /* CategoryRow.swift in Sources */,
				8F9E10BF29BF9811004237B9 /* CourseItem.swift in Sources */,
				8FD3603B29B27627008E4C1C /* LargeButton.swift in Sources */,
				8F131FF629BFEC7D00C3906F /* CourseCategoryView.swift in Sources */,
				8F131FFA29C2479300C3906F /* CourseRow.swift in Sources */,
				8F9E10C329BFC5D1004237B9 /* TrackSelectionSheet.swift in Sources */,
				8F9E10BA29BE01BF004237B9 /* TabBarView.swift in Sources */,
				8FD3603229B272C6008E4C1C /* OnboardingView.swift in Sources */,
				8F9E10B829BDFDFA004237B9 /* CategoryItem.swift in Sources */,
				8F0B327729C8F3E0001F5C7C /* LessonRow.swift in Sources */,
				8FA7CB6329C8DC8600E17DD2 /* CourseView.swift in Sources */,
				8F5A089D29C9374100B0AE24 /* Unit.swift in Sources */,
				8F9E10C729BFD7A9004237B9 /* CategoriesView.swift in Sources */,
				8F0B328C29C928E6001F5C7C /* SessionStore.swift in Sources */,
				8F9E10BD29BF950A004237B9 /* Category.swift in Sources */,
				8F0B327B29C90451001F5C7C /* ReviewItem.swift in Sources */,
				8FC5EC2029B5083A002A5C75 /* HomeView.swift in Sources */,
				8F0B327929C8FCA5001F5C7C /* CourseUnit.swift in Sources */,
				8FD3602629B26B96008E4C1C /* ContentView.swift in Sources */,
				8F0B328E29C92932001F5C7C /* FirebaseUser.swift in Sources */,
				8FD3602429B26B96008E4C1C /* Mystic_AcademyApp.swift in Sources */,
				8F9E10C529BFC6FB004237B9 /* LearningTrack.swift in Sources */,
				8F0B327D29C90E1A001F5C7C /* Lesson.swift in Sources */,
				8F0B328A29C918B7001F5C7C /* User.swift in Sources */,
			);
			runOnlyForDeploymentPostprocessing = 0;
		};
/* End PBXSourcesBuildPhase section */

/* Begin XCBuildConfiguration section */
		8FD3602C29B26B97008E4C1C /* Debug */ = {
			isa = XCBuildConfiguration;
			buildSettings = {
				ALWAYS_SEARCH_USER_PATHS = NO;
				CLANG_ANALYZER_NONNULL = YES;
				CLANG_ANALYZER_NUMBER_OBJECT_CONVERSION = YES_AGGRESSIVE;
				CLANG_CXX_LANGUAGE_STANDARD = "gnu++20";
				CLANG_ENABLE_MODULES = YES;
				CLANG_ENABLE_OBJC_ARC = YES;
				CLANG_ENABLE_OBJC_WEAK = YES;
				CLANG_WARN_BLOCK_CAPTURE_AUTORELEASING = YES;
				CLANG_WARN_BOOL_CONVERSION = YES;
				CLANG_WARN_COMMA = YES;
				CLANG_WARN_CONSTANT_CONVERSION = YES;
				CLANG_WARN_DEPRECATED_OBJC_IMPLEMENTATIONS = YES;
				CLANG_WARN_DIRECT_OBJC_ISA_USAGE = YES_ERROR;
				CLANG_WARN_DOCUMENTATION_COMMENTS = YES;
				CLANG_WARN_EMPTY_BODY = YES;
				CLANG_WARN_ENUM_CONVERSION = YES;
				CLANG_WARN_INFINITE_RECURSION = YES;
				CLANG_WARN_INT_CONVERSION = YES;
				CLANG_WARN_NON_LITERAL_NULL_CONVERSION = YES;
				CLANG_WARN_OBJC_IMPLICIT_RETAIN_SELF = YES;
				CLANG_WARN_OBJC_LITERAL_CONVERSION = YES;
				CLANG_WARN_OBJC_ROOT_CLASS = YES_ERROR;
				CLANG_WARN_QUOTED_INCLUDE_IN_FRAMEWORK_HEADER = YES;
				CLANG_WARN_RANGE_LOOP_ANALYSIS = YES;
				CLANG_WARN_STRICT_PROTOTYPES = YES;
				CLANG_WARN_SUSPICIOUS_MOVE = YES;
				CLANG_WARN_UNGUARDED_AVAILABILITY = YES_AGGRESSIVE;
				CLANG_WARN_UNREACHABLE_CODE = YES;
				CLANG_WARN__DUPLICATE_METHOD_MATCH = YES;
				COPY_PHASE_STRIP = NO;
				DEBUG_INFORMATION_FORMAT = dwarf;
				ENABLE_STRICT_OBJC_MSGSEND = YES;
				ENABLE_TESTABILITY = YES;
				GCC_C_LANGUAGE_STANDARD = gnu11;
				GCC_DYNAMIC_NO_PIC = NO;
				GCC_NO_COMMON_BLOCKS = YES;
				GCC_OPTIMIZATION_LEVEL = 0;
				GCC_PREPROCESSOR_DEFINITIONS = (
					"DEBUG=1",
					"$(inherited)",
				);
				GCC_WARN_64_TO_32_BIT_CONVERSION = YES;
				GCC_WARN_ABOUT_RETURN_TYPE = YES_ERROR;
				GCC_WARN_UNDECLARED_SELECTOR = YES;
				GCC_WARN_UNINITIALIZED_AUTOS = YES_AGGRESSIVE;
				GCC_WARN_UNUSED_FUNCTION = YES;
				GCC_WARN_UNUSED_VARIABLE = YES;
				IPHONEOS_DEPLOYMENT_TARGET = 16.2;
				MTL_ENABLE_DEBUG_INFO = INCLUDE_SOURCE;
				MTL_FAST_MATH = YES;
				ONLY_ACTIVE_ARCH = YES;
				SDKROOT = iphoneos;
				SWIFT_ACTIVE_COMPILATION_CONDITIONS = DEBUG;
				SWIFT_OPTIMIZATION_LEVEL = "-Onone";
			};
			name = Debug;
		};
		8FD3602D29B26B97008E4C1C /* Release */ = {
			isa = XCBuildConfiguration;
			buildSettings = {
				ALWAYS_SEARCH_USER_PATHS = NO;
				CLANG_ANALYZER_NONNULL = YES;
				CLANG_ANALYZER_NUMBER_OBJECT_CONVERSION = YES_AGGRESSIVE;
				CLANG_CXX_LANGUAGE_STANDARD = "gnu++20";
				CLANG_ENABLE_MODULES = YES;
				CLANG_ENABLE_OBJC_ARC = YES;
				CLANG_ENABLE_OBJC_WEAK = YES;
				CLANG_WARN_BLOCK_CAPTURE_AUTORELEASING = YES;
				CLANG_WARN_BOOL_CONVERSION = YES;
				CLANG_WARN_COMMA = YES;
				CLANG_WARN_CONSTANT_CONVERSION = YES;
				CLANG_WARN_DEPRECATED_OBJC_IMPLEMENTATIONS = YES;
				CLANG_WARN_DIRECT_OBJC_ISA_USAGE = YES_ERROR;
				CLANG_WARN_DOCUMENTATION_COMMENTS = YES;
				CLANG_WARN_EMPTY_BODY = YES;
				CLANG_WARN_ENUM_CONVERSION = YES;
				CLANG_WARN_INFINITE_RECURSION = YES;
				CLANG_WARN_INT_CONVERSION = YES;
				CLANG_WARN_NON_LITERAL_NULL_CONVERSION = YES;
				CLANG_WARN_OBJC_IMPLICIT_RETAIN_SELF = YES;
				CLANG_WARN_OBJC_LITERAL_CONVERSION = YES;
				CLANG_WARN_OBJC_ROOT_CLASS = YES_ERROR;
				CLANG_WARN_QUOTED_INCLUDE_IN_FRAMEWORK_HEADER = YES;
				CLANG_WARN_RANGE_LOOP_ANALYSIS = YES;
				CLANG_WARN_STRICT_PROTOTYPES = YES;
				CLANG_WARN_SUSPICIOUS_MOVE = YES;
				CLANG_WARN_UNGUARDED_AVAILABILITY = YES_AGGRESSIVE;
				CLANG_WARN_UNREACHABLE_CODE = YES;
				CLANG_WARN__DUPLICATE_METHOD_MATCH = YES;
				COPY_PHASE_STRIP = NO;
				DEBUG_INFORMATION_FORMAT = "dwarf-with-dsym";
				ENABLE_NS_ASSERTIONS = NO;
				ENABLE_STRICT_OBJC_MSGSEND = YES;
				GCC_C_LANGUAGE_STANDARD = gnu11;
				GCC_NO_COMMON_BLOCKS = YES;
				GCC_WARN_64_TO_32_BIT_CONVERSION = YES;
				GCC_WARN_ABOUT_RETURN_TYPE = YES_ERROR;
				GCC_WARN_UNDECLARED_SELECTOR = YES;
				GCC_WARN_UNINITIALIZED_AUTOS = YES_AGGRESSIVE;
				GCC_WARN_UNUSED_FUNCTION = YES;
				GCC_WARN_UNUSED_VARIABLE = YES;
				IPHONEOS_DEPLOYMENT_TARGET = 16.2;
				MTL_ENABLE_DEBUG_INFO = NO;
				MTL_FAST_MATH = YES;
				SDKROOT = iphoneos;
				SWIFT_COMPILATION_MODE = wholemodule;
				SWIFT_OPTIMIZATION_LEVEL = "-O";
				VALIDATE_PRODUCT = YES;
			};
			name = Release;
		};
		8FD3602F29B26B97008E4C1C /* Debug */ = {
			isa = XCBuildConfiguration;
			buildSettings = {
				ASSETCATALOG_COMPILER_APPICON_NAME = AppIcon;
				ASSETCATALOG_COMPILER_GLOBAL_ACCENT_COLOR_NAME = AccentColor;
				CODE_SIGN_STYLE = Automatic;
				CURRENT_PROJECT_VERSION = 1;
				DEVELOPMENT_ASSET_PATHS = "\"Mystic Academy/Preview Content\"";
				DEVELOPMENT_TEAM = ET7L344Q74;
				ENABLE_PREVIEWS = YES;
				GENERATE_INFOPLIST_FILE = YES;
				INFOPLIST_FILE = "Mystic-Academy-Info.plist";
				INFOPLIST_KEY_CFBundleDisplayName = "Mystic Academy";
				INFOPLIST_KEY_UIApplicationSupportsIndirectInputEvents = YES;
				INFOPLIST_KEY_UILaunchScreen_Generation = YES;
				INFOPLIST_KEY_UISupportedInterfaceOrientations_iPad = "UIInterfaceOrientationPortrait UIInterfaceOrientationPortraitUpsideDown UIInterfaceOrientationLandscapeLeft UIInterfaceOrientationLandscapeRight";
				INFOPLIST_KEY_UISupportedInterfaceOrientations_iPhone = "UIInterfaceOrientationPortrait UIInterfaceOrientationLandscapeLeft UIInterfaceOrientationLandscapeRight";
				LD_RUNPATH_SEARCH_PATHS = (
					"$(inherited)",
					"@executable_path/Frameworks",
				);
				MARKETING_VERSION = 1.0;
				PRODUCT_BUNDLE_IDENTIFIER = "dev.anirudhrao.Mystic-Academy";
				PRODUCT_NAME = "$(TARGET_NAME)";
				SWIFT_EMIT_LOC_STRINGS = YES;
				SWIFT_VERSION = 5.0;
				TARGETED_DEVICE_FAMILY = "1,2";
			};
			name = Debug;
		};
		8FD3603029B26B97008E4C1C /* Release */ = {
			isa = XCBuildConfiguration;
			buildSettings = {
				ASSETCATALOG_COMPILER_APPICON_NAME = AppIcon;
				ASSETCATALOG_COMPILER_GLOBAL_ACCENT_COLOR_NAME = AccentColor;
				CODE_SIGN_STYLE = Automatic;
				CURRENT_PROJECT_VERSION = 1;
				DEVELOPMENT_ASSET_PATHS = "\"Mystic Academy/Preview Content\"";
				DEVELOPMENT_TEAM = ET7L344Q74;
				ENABLE_PREVIEWS = YES;
				GENERATE_INFOPLIST_FILE = YES;
				INFOPLIST_FILE = "Mystic-Academy-Info.plist";
				INFOPLIST_KEY_CFBundleDisplayName = "Mystic Academy";
				INFOPLIST_KEY_UIApplicationSupportsIndirectInputEvents = YES;
				INFOPLIST_KEY_UILaunchScreen_Generation = YES;
				INFOPLIST_KEY_UISupportedInterfaceOrientations_iPad = "UIInterfaceOrientationPortrait UIInterfaceOrientationPortraitUpsideDown UIInterfaceOrientationLandscapeLeft UIInterfaceOrientationLandscapeRight";
				INFOPLIST_KEY_UISupportedInterfaceOrientations_iPhone = "UIInterfaceOrientationPortrait UIInterfaceOrientationLandscapeLeft UIInterfaceOrientationLandscapeRight";
				LD_RUNPATH_SEARCH_PATHS = (
					"$(inherited)",
					"@executable_path/Frameworks",
				);
				MARKETING_VERSION = 1.0;
				PRODUCT_BUNDLE_IDENTIFIER = "dev.anirudhrao.Mystic-Academy";
				PRODUCT_NAME = "$(TARGET_NAME)";
				SWIFT_EMIT_LOC_STRINGS = YES;
				SWIFT_VERSION = 5.0;
				TARGETED_DEVICE_FAMILY = "1,2";
			};
			name = Release;
		};
/* End XCBuildConfiguration section */

/* Begin XCConfigurationList section */
		8FD3601B29B26B96008E4C1C /* Build configuration list for PBXProject "Mystic Academy" */ = {
			isa = XCConfigurationList;
			buildConfigurations = (
				8FD3602C29B26B97008E4C1C /* Debug */,
				8FD3602D29B26B97008E4C1C /* Release */,
			);
			defaultConfigurationIsVisible = 0;
			defaultConfigurationName = Release;
		};
		8FD3602E29B26B97008E4C1C /* Build configuration list for PBXNativeTarget "Mystic Academy" */ = {
			isa = XCConfigurationList;
			buildConfigurations = (
				8FD3602F29B26B97008E4C1C /* Debug */,
				8FD3603029B26B97008E4C1C /* Release */,
			);
			defaultConfigurationIsVisible = 0;
			defaultConfigurationName = Release;
		};
/* End XCConfigurationList section */

/* Begin XCRemoteSwiftPackageReference section */
		8F0B328029C9147F001F5C7C /* XCRemoteSwiftPackageReference "firebase-ios-sdk" */ = {
			isa = XCRemoteSwiftPackageReference;
			repositoryURL = "https://github.com/firebase/firebase-ios-sdk.git";
			requirement = {
				branch = master;
				kind = branch;
			};
		};
/* End XCRemoteSwiftPackageReference section */

/* Begin XCSwiftPackageProductDependency section */
		8F0B328129C9147F001F5C7C /* FirebaseAuth */ = {
			isa = XCSwiftPackageProductDependency;
			package = 8F0B328029C9147F001F5C7C /* XCRemoteSwiftPackageReference "firebase-ios-sdk" */;
			productName = FirebaseAuth;
		};
		8F0B328329C9147F001F5C7C /* FirebaseFirestore */ = {
			isa = XCSwiftPackageProductDependency;
			package = 8F0B328029C9147F001F5C7C /* XCRemoteSwiftPackageReference "firebase-ios-sdk" */;
			productName = FirebaseFirestore;
		};
		8F0B328529C9147F001F5C7C /* FirebaseFirestoreSwift */ = {
			isa = XCSwiftPackageProductDependency;
			package = 8F0B328029C9147F001F5C7C /* XCRemoteSwiftPackageReference "firebase-ios-sdk" */;
			productName = FirebaseFirestoreSwift;
		};
		8F0B328729C9147F001F5C7C /* FirebaseStorage */ = {
			isa = XCSwiftPackageProductDependency;
			package = 8F0B328029C9147F001F5C7C /* XCRemoteSwiftPackageReference "firebase-ios-sdk" */;
			productName = FirebaseStorage;
		};
/* End XCSwiftPackageProductDependency section */
	};
	rootObject = 8FD3601829B26B96008E4C1C /* Project object */;
}
